// !$*UTF8*$!
{
	archiveVersion = 1;
	classes = {
	};
	objectVersion = 50;
	objects = {

/* Begin PBXBuildFile section */
		1D49017A238EE12100D4146C /* AppDelegate.swift in Sources */ = {isa = PBXBuildFile; fileRef = 1D490179238EE12100D4146C /* AppDelegate.swift */; };
		1D49017C238EE12100D4146C /* ViewController.swift in Sources */ = {isa = PBXBuildFile; fileRef = 1D49017B238EE12100D4146C /* ViewController.swift */; };
		1D49017F238EE12100D4146C /* Main.storyboard in Resources */ = {isa = PBXBuildFile; fileRef = 1D49017D238EE12100D4146C /* Main.storyboard */; };
		1D490181238EE12300D4146C /* Assets.xcassets in Resources */ = {isa = PBXBuildFile; fileRef = 1D490180238EE12300D4146C /* Assets.xcassets */; };
		1D490184238EE12300D4146C /* LaunchScreen.storyboard in Resources */ = {isa = PBXBuildFile; fileRef = 1D490182238EE12300D4146C /* LaunchScreen.storyboard */; };
		1D49018F238EE12300D4146C /* CustomTableViewTests.swift in Sources */ = {isa = PBXBuildFile; fileRef = 1D49018E238EE12300D4146C /* CustomTableViewTests.swift */; };
		1D49019A238EE12300D4146C /* CustomTableViewUITests.swift in Sources */ = {isa = PBXBuildFile; fileRef = 1D490199238EE12300D4146C /* CustomTableViewUITests.swift */; };
		1D4901A8238EE16200D4146C /* Setting.swift in Sources */ = {isa = PBXBuildFile; fileRef = 1D4901A7238EE16200D4146C /* Setting.swift */; };
		1D4901AA238EE33200D4146C /* CustomTableViewCell.swift in Sources */ = {isa = PBXBuildFile; fileRef = 1D4901A9238EE33200D4146C /* CustomTableViewCell.swift */; };
/* End PBXBuildFile section */

/* Begin PBXContainerItemProxy section */
		1D49018B238EE12300D4146C /* PBXContainerItemProxy */ = {
			isa = PBXContainerItemProxy;
			containerPortal = 1D49016E238EE12100D4146C /* Project object */;
			proxyType = 1;
			remoteGlobalIDString = 1D490175238EE12100D4146C;
			remoteInfo = CustomTableView;
		};
		1D490196238EE12300D4146C /* PBXContainerItemProxy */ = {
			isa = PBXContainerItemProxy;
			containerPortal = 1D49016E238EE12100D4146C /* Project object */;
			proxyType = 1;
			remoteGlobalIDString = 1D490175238EE12100D4146C;
			remoteInfo = CustomTableView;
		};
/* End PBXContainerItemProxy section */

/* Begin PBXFileReference section */
		1D490176238EE12100D4146C /* CustomTableView.app */ = {isa = PBXFileReference; explicitFileType = wrapper.application; includeInIndex = 0; path = CustomTableView.app; sourceTree = BUILT_PRODUCTS_DIR; };
		1D490179238EE12100D4146C /* AppDelegate.swift */ = {isa = PBXFileReference; lastKnownFileType = sourcecode.swift; path = AppDelegate.swift; sourceTree = "<group>"; };
		1D49017B238EE12100D4146C /* ViewController.swift */ = {isa = PBXFileReference; lastKnownFileType = sourcecode.swift; path = ViewController.swift; sourceTree = "<group>"; };
		1D49017E238EE12100D4146C /* Base */ = {isa = PBXFileReference; lastKnownFileType = file.storyboard; name = Base; path = Base.lproj/Main.storyboard; sourceTree = "<group>"; };
		1D490180238EE12300D4146C /* Assets.xcassets */ = {isa = PBXFileReference; lastKnownFileType = folder.assetcatalog; path = Assets.xcassets; sourceTree = "<group>"; };
		1D490183238EE12300D4146C /* Base */ = {isa = PBXFileReference; lastKnownFileType = file.storyboard; name = Base; path = Base.lproj/LaunchScreen.storyboard; sourceTree = "<group>"; };
		1D490185238EE12300D4146C /* Info.plist */ = {isa = PBXFileReference; lastKnownFileType = text.plist.xml; path = Info.plist; sourceTree = "<group>"; };
		1D49018A238EE12300D4146C /* CustomTableViewTests.xctest */ = {isa = PBXFileReference; explicitFileType = wrapper.cfbundle; includeInIndex = 0; path = CustomTableViewTests.xctest; sourceTree = BUILT_PRODUCTS_DIR; };
		1D49018E238EE12300D4146C /* CustomTableViewTests.swift */ = {isa = PBXFileReference; lastKnownFileType = sourcecode.swift; path = CustomTableViewTests.swift; sourceTree = "<group>"; };
		1D490190238EE12300D4146C /* Info.plist */ = {isa = PBXFileReference; lastKnownFileType = text.plist.xml; path = Info.plist; sourceTree = "<group>"; };
		1D490195238EE12300D4146C /* CustomTableViewUITests.xctest */ = {isa = PBXFileReference; explicitFileType = wrapper.cfbundle; includeInIndex = 0; path = CustomTableViewUITests.xctest; sourceTree = BUILT_PRODUCTS_DIR; };
		1D490199238EE12300D4146C /* CustomTableViewUITests.swift */ = {isa = PBXFileReference; lastKnownFileType = sourcecode.swift; path = CustomTableViewUITests.swift; sourceTree = "<group>"; };
		1D49019B238EE12300D4146C /* Info.plist */ = {isa = PBXFileReference; lastKnownFileType = text.plist.xml; path = Info.plist; sourceTree = "<group>"; };
		1D4901A7238EE16200D4146C /* Setting.swift */ = {isa = PBXFileReference; lastKnownFileType = sourcecode.swift; path = Setting.swift; sourceTree = "<group>"; };
		1D4901A9238EE33200D4146C /* CustomTableViewCell.swift */ = {isa = PBXFileReference; lastKnownFileType = sourcecode.swift; path = CustomTableViewCell.swift; sourceTree = "<group>"; };
/* End PBXFileReference section */

/* Begin PBXFrameworksBuildPhase section */
		1D490173238EE12100D4146C /* Frameworks */ = {
			isa = PBXFrameworksBuildPhase;
			buildActionMask = 2147483647;
			files = (
			);
			runOnlyForDeploymentPostprocessing = 0;
		};
		1D490187238EE12300D4146C /* Frameworks */ = {
			isa = PBXFrameworksBuildPhase;
			buildActionMask = 2147483647;
			files = (
			);
			runOnlyForDeploymentPostprocessing = 0;
		};
		1D490192238EE12300D4146C /* Frameworks */ = {
			isa = PBXFrameworksBuildPhase;
			buildActionMask = 2147483647;
			files = (
			);
			runOnlyForDeploymentPostprocessing = 0;
		};
/* End PBXFrameworksBuildPhase section */

/* Begin PBXGroup section */
		1D49016D238EE12100D4146C = {
			isa = PBXGroup;
			children = (
				1D490178238EE12100D4146C /* CustomTableView */,
				1D49018D238EE12300D4146C /* CustomTableViewTests */,
				1D490198238EE12300D4146C /* CustomTableViewUITests */,
				1D490177238EE12100D4146C /* Products */,
			);
			sourceTree = "<group>";
		};
		1D490177238EE12100D4146C /* Products */ = {
			isa = PBXGroup;
			children = (
				1D490176238EE12100D4146C /* CustomTableView.app */,
				1D49018A238EE12300D4146C /* CustomTableViewTests.xctest */,
				1D490195238EE12300D4146C /* CustomTableViewUITests.xctest */,
			);
			name = Products;
			sourceTree = "<group>";
		};
		1D490178238EE12100D4146C /* CustomTableView */ = {
			isa = PBXGroup;
			children = (
				1D490179238EE12100D4146C /* AppDelegate.swift */,
				1D49017B238EE12100D4146C /* ViewController.swift */,
				1D49017D238EE12100D4146C /* Main.storyboard */,
				1D490180238EE12300D4146C /* Assets.xcassets */,
				1D490182238EE12300D4146C /* LaunchScreen.storyboard */,
				1D490185238EE12300D4146C /* Info.plist */,
				1D4901A7238EE16200D4146C /* Setting.swift */,
				1D4901A9238EE33200D4146C /* CustomTableViewCell.swift */,
			);
			path = CustomTableView;
			sourceTree = "<group>";
		};
		1D49018D238EE12300D4146C /* CustomTableViewTests */ = {
			isa = PBXGroup;
			children = (
				1D49018E238EE12300D4146C /* CustomTableViewTests.swift */,
				1D490190238EE12300D4146C /* Info.plist */,
			);
			path = CustomTableViewTests;
			sourceTree = "<group>";
		};
		1D490198238EE12300D4146C /* CustomTableViewUITests */ = {
			isa = PBXGroup;
			children = (
				1D490199238EE12300D4146C /* CustomTableViewUITests.swift */,
				1D49019B238EE12300D4146C /* Info.plist */,
			);
			path = CustomTableViewUITests;
			sourceTree = "<group>";
		};
/* End PBXGroup section */

/* Begin PBXNativeTarget section */
		1D490175238EE12100D4146C /* CustomTableView */ = {
			isa = PBXNativeTarget;
			buildConfigurationList = 1D49019E238EE12300D4146C /* Build configuration list for PBXNativeTarget "CustomTableView" */;
			buildPhases = (
				1D490172238EE12100D4146C /* Sources */,
				1D490173238EE12100D4146C /* Frameworks */,
				1D490174238EE12100D4146C /* Resources */,
			);
			buildRules = (
			);
			dependencies = (
			);
			name = CustomTableView;
			productName = CustomTableView;
			productReference = 1D490176238EE12100D4146C /* CustomTableView.app */;
			productType = "com.apple.product-type.application";
		};
		1D490189238EE12300D4146C /* CustomTableViewTests */ = {
			isa = PBXNativeTarget;
			buildConfigurationList = 1D4901A1238EE12300D4146C /* Build configuration list for PBXNativeTarget "CustomTableViewTests" */;
			buildPhases = (
				1D490186238EE12300D4146C /* Sources */,
				1D490187238EE12300D4146C /* Frameworks */,
				1D490188238EE12300D4146C /* Resources */,
			);
			buildRules = (
			);
			dependencies = (
				1D49018C238EE12300D4146C /* PBXTargetDependency */,
			);
			name = CustomTableViewTests;
			productName = CustomTableViewTests;
			productReference = 1D49018A238EE12300D4146C /* CustomTableViewTests.xctest */;
			productType = "com.apple.product-type.bundle.unit-test";
		};
		1D490194238EE12300D4146C /* CustomTableViewUITests */ = {
			isa = PBXNativeTarget;
			buildConfigurationList = 1D4901A4238EE12300D4146C /* Build configuration list for PBXNativeTarget "CustomTableViewUITests" */;
			buildPhases = (
				1D490191238EE12300D4146C /* Sources */,
				1D490192238EE12300D4146C /* Frameworks */,
				1D490193238EE12300D4146C /* Resources */,
			);
			buildRules = (
			);
			dependencies = (
				1D490197238EE12300D4146C /* PBXTargetDependency */,
			);
			name = CustomTableViewUITests;
			productName = CustomTableViewUITests;
			productReference = 1D490195238EE12300D4146C /* CustomTableViewUITests.xctest */;
			productType = "com.apple.product-type.bundle.ui-testing";
		};
/* End PBXNativeTarget section */

/* Begin PBXProject section */
		1D49016E238EE12100D4146C /* Project object */ = {
			isa = PBXProject;
			attributes = {
				LastSwiftUpdateCheck = 1010;
				LastUpgradeCheck = 1010;
				ORGANIZATIONNAME = "Vijay Kumar Thota";
				TargetAttributes = {
					1D490175238EE12100D4146C = {
						CreatedOnToolsVersion = 10.1;
					};
					1D490189238EE12300D4146C = {
						CreatedOnToolsVersion = 10.1;
						TestTargetID = 1D490175238EE12100D4146C;
					};
					1D490194238EE12300D4146C = {
						CreatedOnToolsVersion = 10.1;
						TestTargetID = 1D490175238EE12100D4146C;
					};
				};
			};
			buildConfigurationList = 1D490171238EE12100D4146C /* Build configuration list for PBXProject "CustomTableView" */;
			compatibilityVersion = "Xcode 9.3";
			developmentRegion = en;
			hasScannedForEncodings = 0;
			knownRegions = (
				en,
				Base,
			);
			mainGroup = 1D49016D238EE12100D4146C;
			productRefGroup = 1D490177238EE12100D4146C /* Products */;
			projectDirPath = "";
			projectRoot = "";
			targets = (
				1D490175238EE12100D4146C /* CustomTableView */,
				1D490189238EE12300D4146C /* CustomTableViewTests */,
				1D490194238EE12300D4146C /* CustomTableViewUITests */,
			);
		};
/* End PBXProject section */

/* Begin PBXResourcesBuildPhase section */
		1D490174238EE12100D4146C /* Resources */ = {
			isa = PBXResourcesBuildPhase;
			buildActionMask = 2147483647;
			files = (
				1D490184238EE12300D4146C /* LaunchScreen.storyboard in Resources */,
				1D490181238EE12300D4146C /* Assets.xcassets in Resources */,
				1D49017F238EE12100D4146C /* Main.storyboard in Resources */,
			);
			runOnlyForDeploymentPostprocessing = 0;
		};
		1D490188238EE12300D4146C /* Resources */ = {
			isa = PBXResourcesBuildPhase;
			buildActionMask = 2147483647;
			files = (
			);
			runOnlyForDeploymentPostprocessing = 0;
		};
		1D490193238EE12300D4146C /* Resources */ = {
			isa = PBXResourcesBuildPhase;
			buildActionMask = 2147483647;
			files = (
			);
			runOnlyForDeploymentPostprocessing = 0;
		};
/* End PBXResourcesBuildPhase section */

/* Begin PBXSourcesBuildPhase section */
		1D490172238EE12100D4146C /* Sources */ = {
			isa = PBXSourcesBuildPhase;
			buildActionMask = 2147483647;
			files = (
				1D4901A8238EE16200D4146C /* Setting.swift in Sources */,
				1D49017C238EE12100D4146C /* ViewController.swift in Sources */,
				1D4901AA238EE33200D4146C /* CustomTableViewCell.swift in Sources */,
				1D49017A238EE12100D4146C /* AppDelegate.swift in Sources */,
			);
			runOnlyForDeploymentPostprocessing = 0;
		};
		1D490186238EE12300D4146C /* Sources */ = {
			isa = PBXSourcesBuildPhase;
			buildActionMask = 2147483647;
			files = (
				1D49018F238EE12300D4146C /* CustomTableViewTests.swift in Sources */,
			);
			runOnlyForDeploymentPostprocessing = 0;
		};
		1D490191238EE12300D4146C /* Sources */ = {
			isa = PBXSourcesBuildPhase;
			buildActionMask = 2147483647;
			files = (
				1D49019A238EE12300D4146C /* CustomTableViewUITests.swift in Sources */,
			);
			runOnlyForDeploymentPostprocessing = 0;
		};
/* End PBXSourcesBuildPhase section */

/* Begin PBXTargetDependency section */
		1D49018C238EE12300D4146C /* PBXTargetDependency */ = {
			isa = PBXTargetDependency;
			target = 1D490175238EE12100D4146C /* CustomTableView */;
			targetProxy = 1D49018B238EE12300D4146C /* PBXContainerItemProxy */;
		};
		1D490197238EE12300D4146C /* PBXTargetDependency */ = {
			isa = PBXTargetDependency;
			target = 1D490175238EE12100D4146C /* CustomTableView */;
			targetProxy = 1D490196238EE12300D4146C /* PBXContainerItemProxy */;
		};
/* End PBXTargetDependency section */

/* Begin PBXVariantGroup section */
		1D49017D238EE12100D4146C /* Main.storyboard */ = {
			isa = PBXVariantGroup;
			children = (
				1D49017E238EE12100D4146C /* Base */,
			);
			name = Main.storyboard;
			sourceTree = "<group>";
		};
		1D490182238EE12300D4146C /* LaunchScreen.storyboard */ = {
			isa = PBXVariantGroup;
			children = (
				1D490183238EE12300D4146C /* Base */,
			);
			name = LaunchScreen.storyboard;
			sourceTree = "<group>";
		};
/* End PBXVariantGroup section */

/* Begin XCBuildConfiguration section */
		1D49019C238EE12300D4146C /* Debug */ = {
			isa = XCBuildConfiguration;
			buildSettings = {
				ALWAYS_SEARCH_USER_PATHS = NO;
				CLANG_ANALYZER_NONNULL = YES;
				CLANG_ANALYZER_NUMBER_OBJECT_CONVERSION = YES_AGGRESSIVE;
				CLANG_CXX_LANGUAGE_STANDARD = "gnu++14";
				CLANG_CXX_LIBRARY = "libc++";
				CLANG_ENABLE_MODULES = YES;
				CLANG_ENABLE_OBJC_ARC = YES;
				CLANG_ENABLE_OBJC_WEAK = YES;
				CLANG_WARN_BLOCK_CAPTURE_AUTORELEASING = YES;
				CLANG_WARN_BOOL_CONVERSION = YES;
				CLANG_WARN_COMMA = YES;
				CLANG_WARN_CONSTANT_CONVERSION = YES;
				CLANG_WARN_DEPRECATED_OBJC_IMPLEMENTATIONS = YES;
				CLANG_WARN_DIRECT_OBJC_ISA_USAGE = YES_ERROR;
				CLANG_WARN_DOCUMENTATION_COMMENTS = YES;
				CLANG_WARN_EMPTY_BODY = YES;
				CLANG_WARN_ENUM_CONVERSION = YES;
				CLANG_WARN_INFINITE_RECURSION = YES;
				CLANG_WARN_INT_CONVERSION = YES;
				CLANG_WARN_NON_LITERAL_NULL_CONVERSION = YES;
				CLANG_WARN_OBJC_IMPLICIT_RETAIN_SELF = YES;
				CLANG_WARN_OBJC_LITERAL_CONVERSION = YES;
				CLANG_WARN_OBJC_ROOT_CLASS = YES_ERROR;
				CLANG_WARN_RANGE_LOOP_ANALYSIS = YES;
				CLANG_WARN_STRICT_PROTOTYPES = YES;
				CLANG_WARN_SUSPICIOUS_MOVE = YES;
				CLANG_WARN_UNGUARDED_AVAILABILITY = YES_AGGRESSIVE;
				CLANG_WARN_UNREACHABLE_CODE = YES;
				CLANG_WARN__DUPLICATE_METHOD_MATCH = YES;
				CODE_SIGN_IDENTITY = "iPhone Developer";
				COPY_PHASE_STRIP = NO;
				DEBUG_INFORMATION_FORMAT = dwarf;
				ENABLE_STRICT_OBJC_MSGSEND = YES;
				ENABLE_TESTABILITY = YES;
				GCC_C_LANGUAGE_STANDARD = gnu11;
				GCC_DYNAMIC_NO_PIC = NO;
				GCC_NO_COMMON_BLOCKS = YES;
				GCC_OPTIMIZATION_LEVEL = 0;
				GCC_PREPROCESSOR_DEFINITIONS = (
					"DEBUG=1",
					"$(inherited)",
				);
				GCC_WARN_64_TO_32_BIT_CONVERSION = YES;
				GCC_WARN_ABOUT_RETURN_TYPE = YES_ERROR;
				GCC_WARN_UNDECLARED_SELECTOR = YES;
				GCC_WARN_UNINITIALIZED_AUTOS = YES_AGGRESSIVE;
				GCC_WARN_UNUSED_FUNCTION = YES;
				GCC_WARN_UNUSED_VARIABLE = YES;
				IPHONEOS_DEPLOYMENT_TARGET = 12.1;
				MTL_ENABLE_DEBUG_INFO = INCLUDE_SOURCE;
				MTL_FAST_MATH = YES;
				ONLY_ACTIVE_ARCH = YES;
				SDKROOT = iphoneos;
				SWIFT_ACTIVE_COMPILATION_CONDITIONS = DEBUG;
				SWIFT_OPTIMIZATION_LEVEL = "-Onone";
			};
			name = Debug;
		};
		1D49019D238EE12300D4146C /* Release */ = {
			isa = XCBuildConfiguration;
			buildSettings = {
				ALWAYS_SEARCH_USER_PATHS = NO;
				CLANG_ANALYZER_NONNULL = YES;
				CLANG_ANALYZER_NUMBER_OBJECT_CONVERSION = YES_AGGRESSIVE;
				CLANG_CXX_LANGUAGE_STANDARD = "gnu++14";
				CLANG_CXX_LIBRARY = "libc++";
				CLANG_ENABLE_MODULES = YES;
				CLANG_ENABLE_OBJC_ARC = YES;
				CLANG_ENABLE_OBJC_WEAK = YES;
				CLANG_WARN_BLOCK_CAPTURE_AUTORELEASING = YES;
				CLANG_WARN_BOOL_CONVERSION = YES;
				CLANG_WARN_COMMA = YES;
				CLANG_WARN_CONSTANT_CONVERSION = YES;
				CLANG_WARN_DEPRECATED_OBJC_IMPLEMENTATIONS = YES;
				CLANG_WARN_DIRECT_OBJC_ISA_USAGE = YES_ERROR;
				CLANG_WARN_DOCUMENTATION_COMMENTS = YES;
				CLANG_WARN_EMPTY_BODY = YES;
				CLANG_WARN_ENUM_CONVERSION = YES;
				CLANG_WARN_INFINITE_RECURSION = YES;
				CLANG_WARN_INT_CONVERSION = YES;
				CLANG_WARN_NON_LITERAL_NULL_CONVERSION = YES;
				CLANG_WARN_OBJC_IMPLICIT_RETAIN_SELF = YES;
				CLANG_WARN_OBJC_LITERAL_CONVERSION = YES;
				CLANG_WARN_OBJC_ROOT_CLASS = YES_ERROR;
				CLANG_WARN_RANGE_LOOP_ANALYSIS = YES;
				CLANG_WARN_STRICT_PROTOTYPES = YES;
				CLANG_WARN_SUSPICIOUS_MOVE = YES;
				CLANG_WARN_UNGUARDED_AVAILABILITY = YES_AGGRESSIVE;
				CLANG_WARN_UNREACHABLE_CODE = YES;
				CLANG_WARN__DUPLICATE_METHOD_MATCH = YES;
				CODE_SIGN_IDENTITY = "iPhone Developer";
				COPY_PHASE_STRIP = NO;
				DEBUG_INFORMATION_FORMAT = "dwarf-with-dsym";
				ENABLE_NS_ASSERTIONS = NO;
				ENABLE_STRICT_OBJC_MSGSEND = YES;
				GCC_C_LANGUAGE_STANDARD = gnu11;
				GCC_NO_COMMON_BLOCKS = YES;
				GCC_WARN_64_TO_32_BIT_CONVERSION = YES;
				GCC_WARN_ABOUT_RETURN_TYPE = YES_ERROR;
				GCC_WARN_UNDECLARED_SELECTOR = YES;
				GCC_WARN_UNINITIALIZED_AUTOS = YES_AGGRESSIVE;
				GCC_WARN_UNUSED_FUNCTION = YES;
				GCC_WARN_UNUSED_VARIABLE = YES;
				IPHONEOS_DEPLOYMENT_TARGET = 12.1;
				MTL_ENABLE_DEBUG_INFO = NO;
				MTL_FAST_MATH = YES;
				SDKROOT = iphoneos;
				SWIFT_COMPILATION_MODE = wholemodule;
				SWIFT_OPTIMIZATION_LEVEL = "-O";
				VALIDATE_PRODUCT = YES;
			};
			name = Release;
		};
		1D49019F238EE12300D4146C /* Debug */ = {
			isa = XCBuildConfiguration;
			buildSettings = {
				ASSETCATALOG_COMPILER_APPICON_NAME = AppIcon;
				CODE_SIGN_STYLE = Automatic;
				INFOPLIST_FILE = CustomTableView/Info.plist;
				LD_RUNPATH_SEARCH_PATHS = (
					"$(inherited)",
					"@executable_path/Frameworks",
				);
				PRODUCT_BUNDLE_IDENTIFIER = com.test.CustomTableView;
				PRODUCT_NAME = "$(TARGET_NAME)";
				SWIFT_VERSION = 4.2;
				TARGETED_DEVICE_FAMILY = "1,2";
			};
			name = Debug;
		};
		1D4901A0238EE12300D4146C /* Release */ = {
			isa = XCBuildConfiguration;
			buildSettings = {
				ASSETCATALOG_COMPILER_APPICON_NAME = AppIcon;
				CODE_SIGN_STYLE = Automatic;
				INFOPLIST_FILE = CustomTableView/Info.plist;
				LD_RUNPATH_SEARCH_PATHS = (
					"$(inherited)",
					"@executable_path/Frameworks",
				);
				PRODUCT_BUNDLE_IDENTIFIER = com.test.CustomTableView;
				PRODUCT_NAME = "$(TARGET_NAME)";
				SWIFT_VERSION = 4.2;
				TARGETED_DEVICE_FAMILY = "1,2";
			};
			name = Release;
		};
		1D4901A2238EE12300D4146C /* Debug */ = {
			isa = XCBuildConfiguration;
			buildSettings = {
				ALWAYS_EMBED_SWIFT_STANDARD_LIBRARIES = YES;
				BUNDLE_LOADER = "$(TEST_HOST)";
				CODE_SIGN_STYLE = Automatic;
				INFOPLIST_FILE = CustomTableViewTests/Info.plist;
				LD_RUNPATH_SEARCH_PATHS = (
					"$(inherited)",
					"@executable_path/Frameworks",
					"@loader_path/Frameworks",
				);
				PRODUCT_BUNDLE_IDENTIFIER = com.test.CustomTableViewTests;
				PRODUCT_NAME = "$(TARGET_NAME)";
				SWIFT_VERSION = 4.2;
				TARGETED_DEVICE_FAMILY = "1,2";
				TEST_HOST = "$(BUILT_PRODUCTS_DIR)/CustomTableView.app/CustomTableView";
			};
			name = Debug;
		};
		1D4901A3238EE12300D4146C /* Release */ = {
			isa = XCBuildConfiguration;
			buildSettings = {
				ALWAYS_EMBED_SWIFT_STANDARD_LIBRARIES = YES;
				BUNDLE_LOADER = "$(TEST_HOST)";
				CODE_SIGN_STYLE = Automatic;
				INFOPLIST_FILE = CustomTableViewTests/Info.plist;
				LD_RUNPATH_SEARCH_PATHS = (
					"$(inherited)",
					"@executable_path/Frameworks",
					"@loader_path/Frameworks",
				);
				PRODUCT_BUNDLE_IDENTIFIER = com.test.CustomTableViewTests;
				PRODUCT_NAME = "$(TARGET_NAME)";
				SWIFT_VERSION = 4.2;
				TARGETED_DEVICE_FAMILY = "1,2";
				TEST_HOST = "$(BUILT_PRODUCTS_DIR)/CustomTableView.app/CustomTableView";
			};
			name = Release;
		};
		1D4901A5238EE12300D4146C /* Debug */ = {
			isa = XCBuildConfiguration;
			buildSettings = {
				ALWAYS_EMBED_SWIFT_STANDARD_LIBRARIES = YES;
				CODE_SIGN_STYLE = Automatic;
				INFOPLIST_FILE = CustomTableViewUITests/Info.plist;
				LD_RUNPATH_SEARCH_PATHS = (
					"$(inherited)",
					"@executable_path/Frameworks",
					"@loader_path/Frameworks",
				);
				PRODUCT_BUNDLE_IDENTIFIER = com.test.CustomTableViewUITests;
				PRODUCT_NAME = "$(TARGET_NAME)";
				SWIFT_VERSION = 4.2;
				TARGETED_DEVICE_FAMILY = "1,2";
				TEST_TARGET_NAME = CustomTableView;
			};
			name = Debug;
		};
		1D4901A6238EE12300D4146C /* Release */ = {
			isa = XCBuildConfiguration;
			buildSettings = {
				ALWAYS_EMBED_SWIFT_STANDARD_LIBRARIES = YES;
				CODE_SIGN_STYLE = Automatic;
				INFOPLIST_FILE = CustomTableViewUITests/Info.plist;
				LD_RUNPATH_SEARCH_PATHS = (
					"$(inherited)",
					"@executable_path/Frameworks",
					"@loader_path/Frameworks",
				);
				PRODUCT_BUNDLE_IDENTIFIER = com.test.CustomTableViewUITests;
				PRODUCT_NAME = "$(TARGET_NAME)";
				SWIFT_VERSION = 4.2;
				TARGETED_DEVICE_FAMILY = "1,2";
				TEST_TARGET_NAME = CustomTableView;
			};
			name = Release;
		};
/* End XCBuildConfiguration section */

/* Begin XCConfigurationList section */
		1D490171238EE12100D4146C /* Build configuration list for PBXProject "CustomTableView" */ = {
			isa = XCConfigurationList;
			buildConfigurations = (
				1D49019C238EE12300D4146C /* Debug */,
				1D49019D238EE12300D4146C /* Release */,
			);
			defaultConfigurationIsVisible = 0;
			defaultConfigurationName = Release;
		};
		1D49019E238EE12300D4146C /* Build configuration list for PBXNativeTarget "CustomTableView" */ = {
			isa = XCConfigurationList;
			buildConfigurations = (
				1D49019F238EE12300D4146C /* Debug */,
				1D4901A0238EE12300D4146C /* Release */,
			);
			defaultConfigurationIsVisible = 0;
			defaultConfigurationName = Release;
		};
		1D4901A1238EE12300D4146C /* Build configuration list for PBXNativeTarget "CustomTableViewTests" */ = {
			isa = XCConfigurationList;
			buildConfigurations = (
				1D4901A2238EE12300D4146C /* Debug */,
				1D4901A3238EE12300D4146C /* Release */,
			);
			defaultConfigurationIsVisible = 0;
			defaultConfigurationName = Release;
		};
		1D4901A4238EE12300D4146C /* Build configuration list for PBXNativeTarget "CustomTableViewUITests" */ = {
			isa = XCConfigurationList;
			buildConfigurations = (
				1D4901A5238EE12300D4146C /* Debug */,
				1D4901A6238EE12300D4146C /* Release */,
			);
			defaultConfigurationIsVisible = 0;
			defaultConfigurationName = Release;
		};
/* End XCConfigurationList section */
	};
	rootObject = 1D49016E238EE12100D4146C /* Project object */;
}
